
Microsoft Visual Studio Solution File, Format Version 12.00
# Visual Studio 14
VisualStudioVersion = 14.0.25123.0
MinimumVisualStudioVersion = 10.0.40219.1
Project("{FAE04EC0-301F-11D3-BF4B-00C04F79EFBC}") = "SFA.DAS.Notifications.Application", "SFA.DAS.Notifications.Application\SFA.DAS.Notifications.Application.csproj", "{A7D9A608-913C-496D-ACED-4A6D7F2C2758}"
EndProject
Project("{FAE04EC0-301F-11D3-BF4B-00C04F79EFBC}") = "SFA.DAS.Notifications.Domain", "SFA.DAS.Notifications.Domain\SFA.DAS.Notifications.Domain.csproj", "{AC81FD52-7485-4BBF-9C0C-D6EED90F84A1}"
EndProject
Project("{FAE04EC0-301F-11D3-BF4B-00C04F79EFBC}") = "SFA.DAS.Notifications.Infrastructure", "SFA.DAS.Notifications.Infrastructure\SFA.DAS.Notifications.Infrastructure.csproj", "{23CF7C43-D9CA-4446-AA6F-E0E5D792A200}"
EndProject
Project("{FAE04EC0-301F-11D3-BF4B-00C04F79EFBC}") = "SFA.DAS.Notifications.Worker", "SFA.DAS.Notifications.Worker\SFA.DAS.Notifications.Worker.csproj", "{8DDEA855-5B98-4D32-8A7C-C23C0814BDFC}"
EndProject
Project("{2150E333-8FDC-42A3-9474-1A3956D46DE8}") = "Solution Items", "Solution Items", "{CB97712B-FA0E-450D-AA94-07D986D172AE}"
	ProjectSection(SolutionItems) = preProject
		Build.fsx = Build.fsx
		SharedAssemblyInfo.cs = SharedAssemblyInfo.cs
	EndProjectSection
EndProject
Project("{2150E333-8FDC-42A3-9474-1A3956D46DE8}") = "Tests", "Tests", "{DC080B91-941B-4849-944E-4220115C3523}"
EndProject
Project("{CC5FD16D-436D-48AD-A40C-5A424C6E3E79}") = "SFA.DAS.Notifications.CloudService", "SFA.DAS.Notifications.CloudService\SFA.DAS.Notifications.CloudService.ccproj", "{2548094F-D85B-44FE-B2ED-809EF119A80F}"
EndProject
Project("{FAE04EC0-301F-11D3-BF4B-00C04F79EFBC}") = "SFA.DAS.Notifications.Api", "SFA.DAS.Notifications.Api\SFA.DAS.Notifications.Api.csproj", "{962B4E7C-D851-4BA2-94EE-BE6DC0E99656}"
EndProject
Global
	GlobalSection(SolutionConfigurationPlatforms) = preSolution
		Debug|Any CPU = Debug|Any CPU
		Release|Any CPU = Release|Any CPU
	EndGlobalSection
	GlobalSection(ProjectConfigurationPlatforms) = postSolution
		{A7D9A608-913C-496D-ACED-4A6D7F2C2758}.Debug|Any CPU.ActiveCfg = Debug|Any CPU
		{A7D9A608-913C-496D-ACED-4A6D7F2C2758}.Debug|Any CPU.Build.0 = Debug|Any CPU
		{A7D9A608-913C-496D-ACED-4A6D7F2C2758}.Release|Any CPU.ActiveCfg = Release|Any CPU
		{A7D9A608-913C-496D-ACED-4A6D7F2C2758}.Release|Any CPU.Build.0 = Release|Any CPU
		{AC81FD52-7485-4BBF-9C0C-D6EED90F84A1}.Debug|Any CPU.ActiveCfg = Debug|Any CPU
		{AC81FD52-7485-4BBF-9C0C-D6EED90F84A1}.Debug|Any CPU.Build.0 = Debug|Any CPU
		{AC81FD52-7485-4BBF-9C0C-D6EED90F84A1}.Release|Any CPU.ActiveCfg = Release|Any CPU
		{AC81FD52-7485-4BBF-9C0C-D6EED90F84A1}.Release|Any CPU.Build.0 = Release|Any CPU
		{23CF7C43-D9CA-4446-AA6F-E0E5D792A200}.Debug|Any CPU.ActiveCfg = Debug|Any CPU
		{23CF7C43-D9CA-4446-AA6F-E0E5D792A200}.Debug|Any CPU.Build.0 = Debug|Any CPU
		{23CF7C43-D9CA-4446-AA6F-E0E5D792A200}.Release|Any CPU.ActiveCfg = Release|Any CPU
		{23CF7C43-D9CA-4446-AA6F-E0E5D792A200}.Release|Any CPU.Build.0 = Release|Any CPU
		{8DDEA855-5B98-4D32-8A7C-C23C0814BDFC}.Debug|Any CPU.ActiveCfg = Debug|Any CPU
		{8DDEA855-5B98-4D32-8A7C-C23C0814BDFC}.Debug|Any CPU.Build.0 = Debug|Any CPU
		{8DDEA855-5B98-4D32-8A7C-C23C0814BDFC}.Release|Any CPU.ActiveCfg = Release|Any CPU
		{8DDEA855-5B98-4D32-8A7C-C23C0814BDFC}.Release|Any CPU.Build.0 = Release|Any CPU
		{2548094F-D85B-44FE-B2ED-809EF119A80F}.Debug|Any CPU.ActiveCfg = Debug|Any CPU
		{2548094F-D85B-44FE-B2ED-809EF119A80F}.Debug|Any CPU.Build.0 = Debug|Any CPU
		{2548094F-D85B-44FE-B2ED-809EF119A80F}.Release|Any CPU.ActiveCfg = Release|Any CPU
		{2548094F-D85B-44FE-B2ED-809EF119A80F}.Release|Any CPU.Build.0 = Release|Any CPU
		{962B4E7C-D851-4BA2-94EE-BE6DC0E99656}.Debug|Any CPU.ActiveCfg = Debug|Any CPU
		{962B4E7C-D851-4BA2-94EE-BE6DC0E99656}.Debug|Any CPU.Build.0 = Debug|Any CPU
		{962B4E7C-D851-4BA2-94EE-BE6DC0E99656}.Release|Any CPU.ActiveCfg = Release|Any CPU
		{962B4E7C-D851-4BA2-94EE-BE6DC0E99656}.Release|Any CPU.Build.0 = Release|Any CPU
	EndGlobalSection
	GlobalSection(SolutionProperties) = preSolution
		HideSolutionNode = FALSE
	EndGlobalSection
EndGlobal
