
Microsoft Visual Studio Solution File, Format Version 12.00
# Visual Studio Version 16
VisualStudioVersion = 16.0.28917.181
MinimumVisualStudioVersion = 10.0.40219.1
Project("{2150E333-8FDC-42A3-9474-1A3956D46DE8}") = "Solution Items", "Solution Items", "{CB97712B-FA0E-450D-AA94-07D986D172AE}"
	ProjectSection(SolutionItems) = preProject
		.editorconfig = .editorconfig
		Build.fsx = Build.fsx
		CustomTargets.fsx = CustomTargets.fsx
		DefaultTargets.fsx = DefaultTargets.fsx
		RunBuild.bat = RunBuild.bat
		SharedAssemblyInfo.cs = SharedAssemblyInfo.cs
	EndProjectSection
EndProject
Project("{2150E333-8FDC-42A3-9474-1A3956D46DE8}") = "Tests", "Tests", "{DC080B91-941B-4849-944E-4220115C3523}"
EndProject
Project("{FAE04EC0-301F-11D3-BF4B-00C04F79EFBC}") = "SFA.DAS.Notifications.Api", "SFA.DAS.Notifications.Api\SFA.DAS.Notifications.Api.csproj", "{962B4E7C-D851-4BA2-94EE-BE6DC0E99656}"
EndProject
Project("{9A19103F-16F7-4668-BE54-9A1E7A4F7556}") = "SFA.DAS.Notifications.Api.Client", "SFA.DAS.Notifications.Api.Client\SFA.DAS.Notifications.Api.Client.csproj", "{BB8D986E-3551-467B-B07A-1A3B0DB16DDA}"
EndProject
Project("{9A19103F-16F7-4668-BE54-9A1E7A4F7556}") = "SFA.DAS.Notifications.Api.Types", "SFA.DAS.Notifications.Api.Types\SFA.DAS.Notifications.Api.Types.csproj", "{5E500F50-5F57-482C-A5D0-4F12DD1C3A46}"
EndProject
Project("{9A19103F-16F7-4668-BE54-9A1E7A4F7556}") = "SFA.DAS.Notifications.MessageHandlers.TestHarness", "SFA.DAS.Notifications.MessageHandlers.TestHarness\SFA.DAS.Notifications.MessageHandlers.TestHarness.csproj", "{B1CBF750-5552-457F-B719-05D092651F46}"
EndProject
Project("{FAE04EC0-301F-11D3-BF4B-00C04F79EFBC}") = "SFA.DAS.Notifications.MessageHandlers.UnitTests", "SFA.DAS.Notifications.MessageHandlers.UnitTests\SFA.DAS.Notifications.MessageHandlers.UnitTests.csproj", "{3BA30EFF-23B6-417C-B01F-9B396E067E67}"
EndProject
Project("{FAE04EC0-301F-11D3-BF4B-00C04F79EFBC}") = "SFA.DAS.Notifications.Api.UnitTests", "SFA.DAS.Notifications.Api.UnitTests\SFA.DAS.Notifications.Api.UnitTests.csproj", "{F310DD04-3247-4285-9B5C-672945527547}"
EndProject
Project("{9A19103F-16F7-4668-BE54-9A1E7A4F7556}") = "SFA.DAS.Notifications.Application", "SFA.DAS.Notifications.Application\SFA.DAS.Notifications.Application.csproj", "{9328871E-E1AE-4AFD-BAA4-3032E988E440}"
EndProject
Project("{9A19103F-16F7-4668-BE54-9A1E7A4F7556}") = "SFA.DAS.Notifications.Domain", "SFA.DAS.Notifications.Domain\SFA.DAS.Notifications.Domain.csproj", "{72084998-4C83-4048-920E-88BB174297FD}"
EndProject
Project("{9A19103F-16F7-4668-BE54-9A1E7A4F7556}") = "SFA.DAS.Notifications.Infrastructure", "SFA.DAS.Notifications.Infrastructure\SFA.DAS.Notifications.Infrastructure.csproj", "{6679DB15-4709-4900-8212-1D1489555074}"
EndProject
Project("{9A19103F-16F7-4668-BE54-9A1E7A4F7556}") = "SFA.DAS.Notifications.Messages", "SFA.DAS.Notifications.Messages\SFA.DAS.Notifications.Messages.csproj", "{BC8EA283-0E1A-49A8-96DD-6A45B8232A78}"
EndProject
Project("{9A19103F-16F7-4668-BE54-9A1E7A4F7556}") = "SFA.DAS.Notifications.Api.Client.UnitTests", "SFA.DAS.Notifications.Api.Client.UnitTests\SFA.DAS.Notifications.Api.Client.UnitTests.csproj", "{4080FF9F-F28A-4EB6-833D-84E3F804378F}"
EndProject
Project("{9A19103F-16F7-4668-BE54-9A1E7A4F7556}") = "SFA.DAS.Notifications.Application.UnitTests", "SFA.DAS.Notifications.Application.UnitTests\SFA.DAS.Notifications.Application.UnitTests.csproj", "{DFCFC8E0-8504-4C01-8454-45A045F8239A}"
EndProject
Project("{9A19103F-16F7-4668-BE54-9A1E7A4F7556}") = "SFA.DAS.Notifications.Infrastructure.UnitTests", "SFA.DAS.Notifications.Infrastructure.UnitTests\SFA.DAS.Notifications.Infrastructure.UnitTests.csproj", "{24613A6B-2BF2-477E-8901-385A213FCAD1}"
EndProject
Project("{9A19103F-16F7-4668-BE54-9A1E7A4F7556}") = "SFA.DAS.Notifications.MessageHandlers3", "SFA.DAS.Notifications.MessageHandlers3\SFA.DAS.Notifications.MessageHandlers3.csproj", "{87966873-C24C-447B-BBF3-C93F6967FE3B}"
EndProject
Global
	GlobalSection(SolutionConfigurationPlatforms) = preSolution
		Debug|Any CPU = Debug|Any CPU
		Local|Any CPU = Local|Any CPU
		Release|Any CPU = Release|Any CPU
	EndGlobalSection
	GlobalSection(ProjectConfigurationPlatforms) = postSolution
		{962B4E7C-D851-4BA2-94EE-BE6DC0E99656}.Debug|Any CPU.ActiveCfg = Debug|Any CPU
		{962B4E7C-D851-4BA2-94EE-BE6DC0E99656}.Debug|Any CPU.Build.0 = Debug|Any CPU
		{962B4E7C-D851-4BA2-94EE-BE6DC0E99656}.Local|Any CPU.ActiveCfg = Release|Any CPU
		{962B4E7C-D851-4BA2-94EE-BE6DC0E99656}.Local|Any CPU.Build.0 = Release|Any CPU
		{962B4E7C-D851-4BA2-94EE-BE6DC0E99656}.Release|Any CPU.ActiveCfg = Release|Any CPU
		{962B4E7C-D851-4BA2-94EE-BE6DC0E99656}.Release|Any CPU.Build.0 = Release|Any CPU
		{BB8D986E-3551-467B-B07A-1A3B0DB16DDA}.Debug|Any CPU.ActiveCfg = Debug|Any CPU
		{BB8D986E-3551-467B-B07A-1A3B0DB16DDA}.Debug|Any CPU.Build.0 = Debug|Any CPU
		{BB8D986E-3551-467B-B07A-1A3B0DB16DDA}.Local|Any CPU.ActiveCfg = Release|Any CPU
		{BB8D986E-3551-467B-B07A-1A3B0DB16DDA}.Local|Any CPU.Build.0 = Release|Any CPU
		{BB8D986E-3551-467B-B07A-1A3B0DB16DDA}.Release|Any CPU.ActiveCfg = Release|Any CPU
		{BB8D986E-3551-467B-B07A-1A3B0DB16DDA}.Release|Any CPU.Build.0 = Release|Any CPU
		{5E500F50-5F57-482C-A5D0-4F12DD1C3A46}.Debug|Any CPU.ActiveCfg = Debug|Any CPU
		{5E500F50-5F57-482C-A5D0-4F12DD1C3A46}.Debug|Any CPU.Build.0 = Debug|Any CPU
		{5E500F50-5F57-482C-A5D0-4F12DD1C3A46}.Local|Any CPU.ActiveCfg = Release|Any CPU
		{5E500F50-5F57-482C-A5D0-4F12DD1C3A46}.Local|Any CPU.Build.0 = Release|Any CPU
		{5E500F50-5F57-482C-A5D0-4F12DD1C3A46}.Release|Any CPU.ActiveCfg = Release|Any CPU
		{5E500F50-5F57-482C-A5D0-4F12DD1C3A46}.Release|Any CPU.Build.0 = Release|Any CPU
		{B1CBF750-5552-457F-B719-05D092651F46}.Debug|Any CPU.ActiveCfg = Debug|Any CPU
		{B1CBF750-5552-457F-B719-05D092651F46}.Debug|Any CPU.Build.0 = Debug|Any CPU
		{B1CBF750-5552-457F-B719-05D092651F46}.Local|Any CPU.ActiveCfg = Debug|Any CPU
		{B1CBF750-5552-457F-B719-05D092651F46}.Local|Any CPU.Build.0 = Debug|Any CPU
		{B1CBF750-5552-457F-B719-05D092651F46}.Release|Any CPU.ActiveCfg = Release|Any CPU
		{B1CBF750-5552-457F-B719-05D092651F46}.Release|Any CPU.Build.0 = Release|Any CPU
		{3BA30EFF-23B6-417C-B01F-9B396E067E67}.Debug|Any CPU.ActiveCfg = Debug|Any CPU
		{3BA30EFF-23B6-417C-B01F-9B396E067E67}.Debug|Any CPU.Build.0 = Debug|Any CPU
		{3BA30EFF-23B6-417C-B01F-9B396E067E67}.Local|Any CPU.ActiveCfg = Release|Any CPU
		{3BA30EFF-23B6-417C-B01F-9B396E067E67}.Local|Any CPU.Build.0 = Release|Any CPU
		{3BA30EFF-23B6-417C-B01F-9B396E067E67}.Release|Any CPU.ActiveCfg = Release|Any CPU
		{3BA30EFF-23B6-417C-B01F-9B396E067E67}.Release|Any CPU.Build.0 = Release|Any CPU
		{F310DD04-3247-4285-9B5C-672945527547}.Debug|Any CPU.ActiveCfg = Debug|Any CPU
		{F310DD04-3247-4285-9B5C-672945527547}.Debug|Any CPU.Build.0 = Debug|Any CPU
		{F310DD04-3247-4285-9B5C-672945527547}.Local|Any CPU.ActiveCfg = Release|Any CPU
		{F310DD04-3247-4285-9B5C-672945527547}.Local|Any CPU.Build.0 = Release|Any CPU
		{F310DD04-3247-4285-9B5C-672945527547}.Release|Any CPU.ActiveCfg = Release|Any CPU
		{F310DD04-3247-4285-9B5C-672945527547}.Release|Any CPU.Build.0 = Release|Any CPU
		{9328871E-E1AE-4AFD-BAA4-3032E988E440}.Debug|Any CPU.ActiveCfg = Debug|Any CPU
		{9328871E-E1AE-4AFD-BAA4-3032E988E440}.Debug|Any CPU.Build.0 = Debug|Any CPU
		{9328871E-E1AE-4AFD-BAA4-3032E988E440}.Local|Any CPU.ActiveCfg = Debug|Any CPU
		{9328871E-E1AE-4AFD-BAA4-3032E988E440}.Local|Any CPU.Build.0 = Debug|Any CPU
		{9328871E-E1AE-4AFD-BAA4-3032E988E440}.Release|Any CPU.ActiveCfg = Release|Any CPU
		{9328871E-E1AE-4AFD-BAA4-3032E988E440}.Release|Any CPU.Build.0 = Release|Any CPU
		{72084998-4C83-4048-920E-88BB174297FD}.Debug|Any CPU.ActiveCfg = Debug|Any CPU
		{72084998-4C83-4048-920E-88BB174297FD}.Debug|Any CPU.Build.0 = Debug|Any CPU
		{72084998-4C83-4048-920E-88BB174297FD}.Local|Any CPU.ActiveCfg = Debug|Any CPU
		{72084998-4C83-4048-920E-88BB174297FD}.Local|Any CPU.Build.0 = Debug|Any CPU
		{72084998-4C83-4048-920E-88BB174297FD}.Release|Any CPU.ActiveCfg = Release|Any CPU
		{72084998-4C83-4048-920E-88BB174297FD}.Release|Any CPU.Build.0 = Release|Any CPU
		{6679DB15-4709-4900-8212-1D1489555074}.Debug|Any CPU.ActiveCfg = Debug|Any CPU
		{6679DB15-4709-4900-8212-1D1489555074}.Debug|Any CPU.Build.0 = Debug|Any CPU
		{6679DB15-4709-4900-8212-1D1489555074}.Local|Any CPU.ActiveCfg = Debug|Any CPU
		{6679DB15-4709-4900-8212-1D1489555074}.Local|Any CPU.Build.0 = Debug|Any CPU
		{6679DB15-4709-4900-8212-1D1489555074}.Release|Any CPU.ActiveCfg = Release|Any CPU
		{6679DB15-4709-4900-8212-1D1489555074}.Release|Any CPU.Build.0 = Release|Any CPU
		{BC8EA283-0E1A-49A8-96DD-6A45B8232A78}.Debug|Any CPU.ActiveCfg = Debug|Any CPU
		{BC8EA283-0E1A-49A8-96DD-6A45B8232A78}.Debug|Any CPU.Build.0 = Debug|Any CPU
		{BC8EA283-0E1A-49A8-96DD-6A45B8232A78}.Local|Any CPU.ActiveCfg = Debug|Any CPU
		{BC8EA283-0E1A-49A8-96DD-6A45B8232A78}.Local|Any CPU.Build.0 = Debug|Any CPU
		{BC8EA283-0E1A-49A8-96DD-6A45B8232A78}.Release|Any CPU.ActiveCfg = Release|Any CPU
		{BC8EA283-0E1A-49A8-96DD-6A45B8232A78}.Release|Any CPU.Build.0 = Release|Any CPU
		{4080FF9F-F28A-4EB6-833D-84E3F804378F}.Debug|Any CPU.ActiveCfg = Debug|Any CPU
		{4080FF9F-F28A-4EB6-833D-84E3F804378F}.Debug|Any CPU.Build.0 = Debug|Any CPU
		{4080FF9F-F28A-4EB6-833D-84E3F804378F}.Local|Any CPU.ActiveCfg = Debug|Any CPU
		{4080FF9F-F28A-4EB6-833D-84E3F804378F}.Local|Any CPU.Build.0 = Debug|Any CPU
		{4080FF9F-F28A-4EB6-833D-84E3F804378F}.Release|Any CPU.ActiveCfg = Release|Any CPU
		{4080FF9F-F28A-4EB6-833D-84E3F804378F}.Release|Any CPU.Build.0 = Release|Any CPU
		{DFCFC8E0-8504-4C01-8454-45A045F8239A}.Debug|Any CPU.ActiveCfg = Debug|Any CPU
		{DFCFC8E0-8504-4C01-8454-45A045F8239A}.Debug|Any CPU.Build.0 = Debug|Any CPU
		{DFCFC8E0-8504-4C01-8454-45A045F8239A}.Local|Any CPU.ActiveCfg = Debug|Any CPU
		{DFCFC8E0-8504-4C01-8454-45A045F8239A}.Local|Any CPU.Build.0 = Debug|Any CPU
		{DFCFC8E0-8504-4C01-8454-45A045F8239A}.Release|Any CPU.ActiveCfg = Release|Any CPU
		{DFCFC8E0-8504-4C01-8454-45A045F8239A}.Release|Any CPU.Build.0 = Release|Any CPU
		{24613A6B-2BF2-477E-8901-385A213FCAD1}.Debug|Any CPU.ActiveCfg = Debug|Any CPU
		{24613A6B-2BF2-477E-8901-385A213FCAD1}.Debug|Any CPU.Build.0 = Debug|Any CPU
		{24613A6B-2BF2-477E-8901-385A213FCAD1}.Local|Any CPU.ActiveCfg = Debug|Any CPU
		{24613A6B-2BF2-477E-8901-385A213FCAD1}.Local|Any CPU.Build.0 = Debug|Any CPU
		{24613A6B-2BF2-477E-8901-385A213FCAD1}.Release|Any CPU.ActiveCfg = Release|Any CPU
		{24613A6B-2BF2-477E-8901-385A213FCAD1}.Release|Any CPU.Build.0 = Release|Any CPU
		{87966873-C24C-447B-BBF3-C93F6967FE3B}.Debug|Any CPU.ActiveCfg = Debug|Any CPU
		{87966873-C24C-447B-BBF3-C93F6967FE3B}.Debug|Any CPU.Build.0 = Debug|Any CPU
		{87966873-C24C-447B-BBF3-C93F6967FE3B}.Local|Any CPU.ActiveCfg = Debug|Any CPU
		{87966873-C24C-447B-BBF3-C93F6967FE3B}.Local|Any CPU.Build.0 = Debug|Any CPU
		{87966873-C24C-447B-BBF3-C93F6967FE3B}.Release|Any CPU.ActiveCfg = Release|Any CPU
		{87966873-C24C-447B-BBF3-C93F6967FE3B}.Release|Any CPU.Build.0 = Release|Any CPU
	EndGlobalSection
	GlobalSection(SolutionProperties) = preSolution
		HideSolutionNode = FALSE
	EndGlobalSection
	GlobalSection(NestedProjects) = preSolution
		{B1CBF750-5552-457F-B719-05D092651F46} = {DC080B91-941B-4849-944E-4220115C3523}
		{3BA30EFF-23B6-417C-B01F-9B396E067E67} = {DC080B91-941B-4849-944E-4220115C3523}
		{4080FF9F-F28A-4EB6-833D-84E3F804378F} = {DC080B91-941B-4849-944E-4220115C3523}
		{DFCFC8E0-8504-4C01-8454-45A045F8239A} = {DC080B91-941B-4849-944E-4220115C3523}
		{24613A6B-2BF2-477E-8901-385A213FCAD1} = {DC080B91-941B-4849-944E-4220115C3523}
	EndGlobalSection
	GlobalSection(ExtensibilityGlobals) = postSolution
		SolutionGuid = {D9DE4B3B-27E0-4901-8619-FF6CD905CF59}
	EndGlobalSection
EndGlobal
